
Microsoft Visual Studio Solution File, Format Version 12.00
# Visual Studio Version 17
VisualStudioVersion = 17.3.32929.385
MinimumVisualStudioVersion = 10.0.40219.1
Project("{FAE04EC0-301F-11D3-BF4B-00C04F79EFBC}") = "Exception_Handling", "Exception_Handling\Exception_Handling.csproj", "{E91C3B06-92ED-403E-B178-A9B555F34C01}"
EndProject
Global
	GlobalSection(SolutionConfigurationPlatforms) = preSolution
		Debug|Any CPU = Debug|Any CPU
		Release|Any CPU = Release|Any CPU
	EndGlobalSection
	GlobalSection(ProjectConfigurationPlatforms) = postSolution
		{E91C3B06-92ED-403E-B178-A9B555F34C01}.Debug|Any CPU.ActiveCfg = Debug|Any CPU
		{E91C3B06-92ED-403E-B178-A9B555F34C01}.Debug|Any CPU.Build.0 = Debug|Any CPU
		{E91C3B06-92ED-403E-B178-A9B555F34C01}.Release|Any CPU.ActiveCfg = Release|Any CPU
		{E91C3B06-92ED-403E-B178-A9B555F34C01}.Release|Any CPU.Build.0 = Release|Any CPU
	EndGlobalSection
	GlobalSection(SolutionProperties) = preSolution
		HideSolutionNode = FALSE
	EndGlobalSection
	GlobalSection(ExtensibilityGlobals) = postSolution
		SolutionGuid = {F499AE64-E22B-4A6E-9E2E-09058A6B5B23}
	EndGlobalSection
EndGlobal
